// !$*UTF8*$!
{
	archiveVersion = 1;
	classes = {
	};
	objectVersion = 48;
	objects = {

/* Begin PBXBuildFile section */
		EB18CEF22038CAF60047A31A /* AppDelegate.swift in Sources */ = {isa = PBXBuildFile; fileRef = EB18CEF12038CAF60047A31A /* AppDelegate.swift */; };
		EB18CEF42038CAF60047A31A /* ViewController.swift in Sources */ = {isa = PBXBuildFile; fileRef = EB18CEF32038CAF60047A31A /* ViewController.swift */; };
		EB18CEF72038CAF60047A31A /* Main.storyboard in Resources */ = {isa = PBXBuildFile; fileRef = EB18CEF52038CAF60047A31A /* Main.storyboard */; };
		EB18CEF92038CAF60047A31A /* Assets.xcassets in Resources */ = {isa = PBXBuildFile; fileRef = EB18CEF82038CAF60047A31A /* Assets.xcassets */; };
		EB18CEFC2038CAF60047A31A /* LaunchScreen.storyboard in Resources */ = {isa = PBXBuildFile; fileRef = EB18CEFA2038CAF60047A31A /* LaunchScreen.storyboard */; };
		EB18CF042038D9380047A31A /* GoogLeNetPlaces.mlmodel in Sources */ = {isa = PBXBuildFile; fileRef = EB18CF032038D9380047A31A /* GoogLeNetPlaces.mlmodel */; };
/* End PBXBuildFile section */

/* Begin PBXFileReference section */
		EB18CEEE2038CAF60047A31A /* SwiftImageML.app */ = {isa = PBXFileReference; explicitFileType = wrapper.application; includeInIndex = 0; path = SwiftImageML.app; sourceTree = BUILT_PRODUCTS_DIR; };
		EB18CEF12038CAF60047A31A /* AppDelegate.swift */ = {isa = PBXFileReference; lastKnownFileType = sourcecode.swift; path = AppDelegate.swift; sourceTree = "<group>"; };
		EB18CEF32038CAF60047A31A /* ViewController.swift */ = {isa = PBXFileReference; lastKnownFileType = sourcecode.swift; path = ViewController.swift; sourceTree = "<group>"; };
		EB18CEF62038CAF60047A31A /* Base */ = {isa = PBXFileReference; lastKnownFileType = file.storyboard; name = Base; path = Base.lproj/Main.storyboard; sourceTree = "<group>"; };
		EB18CEF82038CAF60047A31A /* Assets.xcassets */ = {isa = PBXFileReference; lastKnownFileType = folder.assetcatalog; path = Assets.xcassets; sourceTree = "<group>"; };
		EB18CEFB2038CAF60047A31A /* Base */ = {isa = PBXFileReference; lastKnownFileType = file.storyboard; name = Base; path = Base.lproj/LaunchScreen.storyboard; sourceTree = "<group>"; };
		EB18CEFD2038CAF60047A31A /* Info.plist */ = {isa = PBXFileReference; lastKnownFileType = text.plist.xml; path = Info.plist; sourceTree = "<group>"; };
		EB18CF032038D9380047A31A /* GoogLeNetPlaces.mlmodel */ = {isa = PBXFileReference; lastKnownFileType = file.mlmodel; path = GoogLeNetPlaces.mlmodel; sourceTree = "<group>"; };
/* End PBXFileReference section */

/* Begin PBXFrameworksBuildPhase section */
		EB18CEEB2038CAF60047A31A /* Frameworks */ = {
			isa = PBXFrameworksBuildPhase;
			buildActionMask = 2147483647;
			files = (
			);
			runOnlyForDeploymentPostprocessing = 0;
		};
/* End PBXFrameworksBuildPhase section */

/* Begin PBXGroup section */
		EB18CEE52038CAF60047A31A = {
			isa = PBXGroup;
			children = (
				EB18CEF02038CAF60047A31A /* SwiftImageML */,
				EB18CEEF2038CAF60047A31A /* Products */,
			);
			sourceTree = "<group>";
		};
		EB18CEEF2038CAF60047A31A /* Products */ = {
			isa = PBXGroup;
			children = (
				EB18CEEE2038CAF60047A31A /* SwiftImageML.app */,
			);
			name = Products;
			sourceTree = "<group>";
		};
		EB18CEF02038CAF60047A31A /* SwiftImageML */ = {
			isa = PBXGroup;
			children = (
				EB18CEF12038CAF60047A31A /* AppDelegate.swift */,
				EB18CEF32038CAF60047A31A /* ViewController.swift */,
				EB18CEF52038CAF60047A31A /* Main.storyboard */,
				EB18CEF82038CAF60047A31A /* Assets.xcassets */,
				EB18CEFA2038CAF60047A31A /* LaunchScreen.storyboard */,
				EB18CEFD2038CAF60047A31A /* Info.plist */,
				EB18CF032038D9380047A31A /* GoogLeNetPlaces.mlmodel */,
			);
			path = SwiftImageML;
			sourceTree = "<group>";
		};
/* End PBXGroup section */

/* Begin PBXNativeTarget section */
		EB18CEED2038CAF60047A31A /* SwiftImageML */ = {
			isa = PBXNativeTarget;
			buildConfigurationList = EB18CF002038CAF60047A31A /* Build configuration list for PBXNativeTarget "SwiftImageML" */;
			buildPhases = (
				EB18CEEA2038CAF60047A31A /* Sources */,
				EB18CEEB2038CAF60047A31A /* Frameworks */,
				EB18CEEC2038CAF60047A31A /* Resources */,
			);
			buildRules = (
			);
			dependencies = (
			);
			name = SwiftImageML;
			productName = SwiftImageML;
			productReference = EB18CEEE2038CAF60047A31A /* SwiftImageML.app */;
			productType = "com.apple.product-type.application";
		};
/* End PBXNativeTarget section */

/* Begin PBXProject section */
		EB18CEE62038CAF60047A31A /* Project object */ = {
			isa = PBXProject;
			attributes = {
				LastSwiftUpdateCheck = 0920;
				LastUpgradeCheck = 0920;
				ORGANIZATIONNAME = "Faruk Yavuz";
				TargetAttributes = {
					EB18CEED2038CAF60047A31A = {
						CreatedOnToolsVersion = 9.2;
						ProvisioningStyle = Automatic;
					};
				};
			};
			buildConfigurationList = EB18CEE92038CAF60047A31A /* Build configuration list for PBXProject "SwiftImageML" */;
			compatibilityVersion = "Xcode 8.0";
			developmentRegion = en;
			hasScannedForEncodings = 0;
			knownRegions = (
				en,
				Base,
			);
			mainGroup = EB18CEE52038CAF60047A31A;
			productRefGroup = EB18CEEF2038CAF60047A31A /* Products */;
			projectDirPath = "";
			projectRoot = "";
			targets = (
				EB18CEED2038CAF60047A31A /* SwiftImageML */,
			);
		};
/* End PBXProject section */

/* Begin PBXResourcesBuildPhase section */
		EB18CEEC2038CAF60047A31A /* Resources */ = {
			isa = PBXResourcesBuildPhase;
			buildActionMask = 2147483647;
			files = (
				EB18CEFC2038CAF60047A31A /* LaunchScreen.storyboard in Resources */,
				EB18CEF92038CAF60047A31A /* Assets.xcassets in Resources */,
				EB18CEF72038CAF60047A31A /* Main.storyboard in Resources */,
			);
			runOnlyForDeploymentPostprocessing = 0;
		};
/* End PBXResourcesBuildPhase section */

/* Begin PBXSourcesBuildPhase section */
		EB18CEEA2038CAF60047A31A /* Sources */ = {
			isa = PBXSourcesBuildPhase;
			buildActionMask = 2147483647;
			files = (
				EB18CEF42038CAF60047A31A /* ViewController.swift in Sources */,
				EB18CEF22038CAF60047A31A /* AppDelegate.swift in Sources */,
				EB18CF042038D9380047A31A /* GoogLeNetPlaces.mlmodel in Sources */,
			);
			runOnlyForDeploymentPostprocessing = 0;
		};
/* End PBXSourcesBuildPhase section */

/* Begin PBXVariantGroup section */
		EB18CEF52038CAF60047A31A /* Main.storyboard */ = {
			isa = PBXVariantGroup;
			children = (
				EB18CEF62038CAF60047A31A /* Base */,
			);
			name = Main.storyboard;
			sourceTree = "<group>";
		};
		EB18CEFA2038CAF60047A31A /* LaunchScreen.storyboard */ = {
			isa = PBXVariantGroup;
			children = (
				EB18CEFB2038CAF60047A31A /* Base */,
			);
			name = LaunchScreen.storyboard;
			sourceTree = "<group>";
		};
/* End PBXVariantGroup section */

/* Begin XCBuildConfiguration section */
		EB18CEFE2038CAF60047A31A /* Debug */ = {
			isa = XCBuildConfiguration;
			buildSettings = {
				ALWAYS_SEARCH_USER_PATHS = NO;
				CLANG_ANALYZER_NONNULL = YES;
				CLANG_ANALYZER_NUMBER_OBJECT_CONVERSION = YES_AGGRESSIVE;
				CLANG_CXX_LANGUAGE_STANDARD = "gnu++14";
				CLANG_CXX_LIBRARY = "libc++";
				CLANG_ENABLE_MODULES = YES;
				CLANG_ENABLE_OBJC_ARC = YES;
				CLANG_WARN_BLOCK_CAPTURE_AUTORELEASING = YES;
				CLANG_WARN_BOOL_CONVERSION = YES;
				CLANG_WARN_COMMA = YES;
				CLANG_WARN_CONSTANT_CONVERSION = YES;
				CLANG_WARN_DIRECT_OBJC_ISA_USAGE = YES_ERROR;
				CLANG_WARN_DOCUMENTATION_COMMENTS = YES;
				CLANG_WARN_EMPTY_BODY = YES;
				CLANG_WARN_ENUM_CONVERSION = YES;
				CLANG_WARN_INFINITE_RECURSION = YES;
				CLANG_WARN_INT_CONVERSION = YES;
				CLANG_WARN_NON_LITERAL_NULL_CONVERSION = YES;
				CLANG_WARN_OBJC_LITERAL_CONVERSION = YES;
				CLANG_WARN_OBJC_ROOT_CLASS = YES_ERROR;
				CLANG_WARN_RANGE_LOOP_ANALYSIS = YES;
				CLANG_WARN_STRICT_PROTOTYPES = YES;
				CLANG_WARN_SUSPICIOUS_MOVE = YES;
				CLANG_WARN_UNGUARDED_AVAILABILITY = YES_AGGRESSIVE;
				CLANG_WARN_UNREACHABLE_CODE = YES;
				CLANG_WARN__DUPLICATE_METHOD_MATCH = YES;
				CODE_SIGN_IDENTITY = "iPhone Developer";
				COPY_PHASE_STRIP = NO;
				DEBUG_INFORMATION_FORMAT = dwarf;
				ENABLE_STRICT_OBJC_MSGSEND = YES;
				ENABLE_TESTABILITY = YES;
				GCC_C_LANGUAGE_STANDARD = gnu11;
				GCC_DYNAMIC_NO_PIC = NO;
				GCC_NO_COMMON_BLOCKS = YES;
				GCC_OPTIMIZATION_LEVEL = 0;
				GCC_PREPROCESSOR_DEFINITIONS = (
					"DEBUG=1",
					"$(inherited)",
				);
				GCC_WARN_64_TO_32_BIT_CONVERSION = YES;
				GCC_WARN_ABOUT_RETURN_TYPE = YES_ERROR;
				GCC_WARN_UNDECLARED_SELECTOR = YES;
				GCC_WARN_UNINITIALIZED_AUTOS = YES_AGGRESSIVE;
				GCC_WARN_UNUSED_FUNCTION = YES;
				GCC_WARN_UNUSED_VARIABLE = YES;
				IPHONEOS_DEPLOYMENT_TARGET = 11.2;
				MTL_ENABLE_DEBUG_INFO = YES;
				ONLY_ACTIVE_ARCH = YES;
				SDKROOT = iphoneos;
				SWIFT_ACTIVE_COMPILATION_CONDITIONS = DEBUG;
				SWIFT_OPTIMIZATION_LEVEL = "-Onone";
			};
			name = Debug;
		};
		EB18CEFF2038CAF60047A31A /* Release */ = {
			isa = XCBuildConfiguration;
			buildSettings = {
				ALWAYS_SEARCH_USER_PATHS = NO;
				CLANG_ANALYZER_NONNULL = YES;
				CLANG_ANALYZER_NUMBER_OBJECT_CONVERSION = YES_AGGRESSIVE;
				CLANG_CXX_LANGUAGE_STANDARD = "gnu++14";
				CLANG_CXX_LIBRARY = "libc++";
				CLANG_ENABLE_MODULES = YES;
				CLANG_ENABLE_OBJC_ARC = YES;
				CLANG_WARN_BLOCK_CAPTURE_AUTORELEASING = YES;
				CLANG_WARN_BOOL_CONVERSION = YES;
				CLANG_WARN_COMMA = YES;
				CLANG_WARN_CONSTANT_CONVERSION = YES;
				CLANG_WARN_DIRECT_OBJC_ISA_USAGE = YES_ERROR;
				CLANG_WARN_DOCUMENTATION_COMMENTS = YES;
				CLANG_WARN_EMPTY_BODY = YES;
				CLANG_WARN_ENUM_CONVERSION = YES;
				CLANG_WARN_INFINITE_RECURSION = YES;
				CLANG_WARN_INT_CONVERSION = YES;
				CLANG_WARN_NON_LITERAL_NULL_CONVERSION = YES;
				CLANG_WARN_OBJC_LITERAL_CONVERSION = YES;
				CLANG_WARN_OBJC_ROOT_CLASS = YES_ERROR;
				CLANG_WARN_RANGE_LOOP_ANALYSIS = YES;
				CLANG_WARN_STRICT_PROTOTYPES = YES;
				CLANG_WARN_SUSPICIOUS_MOVE = YES;
				CLANG_WARN_UNGUARDED_AVAILABILITY = YES_AGGRESSIVE;
				CLANG_WARN_UNREACHABLE_CODE = YES;
				CLANG_WARN__DUPLICATE_METHOD_MATCH = YES;
				CODE_SIGN_IDENTITY = "iPhone Developer";
				COPY_PHASE_STRIP = NO;
				DEBUG_INFORMATION_FORMAT = "dwarf-with-dsym";
				ENABLE_NS_ASSERTIONS = NO;
				ENABLE_STRICT_OBJC_MSGSEND = YES;
				GCC_C_LANGUAGE_STANDARD = gnu11;
				GCC_NO_COMMON_BLOCKS = YES;
				GCC_WARN_64_TO_32_BIT_CONVERSION = YES;
				GCC_WARN_ABOUT_RETURN_TYPE = YES_ERROR;
				GCC_WARN_UNDECLARED_SELECTOR = YES;
				GCC_WARN_UNINITIALIZED_AUTOS = YES_AGGRESSIVE;
				GCC_WARN_UNUSED_FUNCTION = YES;
				GCC_WARN_UNUSED_VARIABLE = YES;
				IPHONEOS_DEPLOYMENT_TARGET = 11.2;
				MTL_ENABLE_DEBUG_INFO = NO;
				SDKROOT = iphoneos;
				SWIFT_OPTIMIZATION_LEVEL = "-Owholemodule";
				VALIDATE_PRODUCT = YES;
			};
			name = Release;
		};
		EB18CF012038CAF60047A31A /* Debug */ = {
			isa = XCBuildConfiguration;
			buildSettings = {
				ASSETCATALOG_COMPILER_APPICON_NAME = AppIcon;
				CODE_SIGN_STYLE = Automatic;
				DEVELOPMENT_TEAM = TC7KWC68P6;
				INFOPLIST_FILE = SwiftImageML/Info.plist;
				LD_RUNPATH_SEARCH_PATHS = "$(inherited) @executable_path/Frameworks";
				PRODUCT_BUNDLE_IDENTIFIER = org.faruk.SwiftImageML;
				PRODUCT_NAME = "$(TARGET_NAME)";
				SWIFT_VERSION = 4.0;
				TARGETED_DEVICE_FAMILY = "1,2";
			};
			name = Debug;
		};
		EB18CF022038CAF60047A31A /* Release */ = {
			isa = XCBuildConfiguration;
			buildSettings = {
				ASSETCATALOG_COMPILER_APPICON_NAME = AppIcon;
				CODE_SIGN_STYLE = Automatic;
				DEVELOPMENT_TEAM = TC7KWC68P6;
				INFOPLIST_FILE = SwiftImageML/Info.plist;
				LD_RUNPATH_SEARCH_PATHS = "$(inherited) @executable_path/Frameworks";
				PRODUCT_BUNDLE_IDENTIFIER = org.faruk.SwiftImageML;
				PRODUCT_NAME = "$(TARGET_NAME)";
				SWIFT_VERSION = 4.0;
				TARGETED_DEVICE_FAMILY = "1,2";
			};
			name = Release;
		};
/* End XCBuildConfiguration section */

/* Begin XCConfigurationList section */
		EB18CEE92038CAF60047A31A /* Build configuration list for PBXProject "SwiftImageML" */ = {
			isa = XCConfigurationList;
			buildConfigurations = (
				EB18CEFE2038CAF60047A31A /* Debug */,
				EB18CEFF2038CAF60047A31A /* Release */,
			);
			defaultConfigurationIsVisible = 0;
			defaultConfigurationName = Release;
		};
		EB18CF002038CAF60047A31A /* Build configuration list for PBXNativeTarget "SwiftImageML" */ = {
			isa = XCConfigurationList;
			buildConfigurations = (
				EB18CF012038CAF60047A31A /* Debug */,
				EB18CF022038CAF60047A31A /* Release */,
			);
			defaultConfigurationIsVisible = 0;
			defaultConfigurationName = Release;
		};
/* End XCConfigurationList section */
	};
	rootObject = EB18CEE62038CAF60047A31A /* Project object */;
}
